Starting infrastructure deployment...
[0m[1mInitializing the backend...[0m
[0m[1mInitializing modules...[0m
[0m[1mInitializing provider plugins...[0m
- Reusing previous version of hashicorp/aws from the dependency lock file
- Using previously-installed hashicorp/aws v5.94.0

[0m[1m[32mTerraform has been successfully initialized![0m[32m[0m
[0m[32m
You may now begin working with Terraform. Try running "terraform plan" to see
any changes that are required for your infrastructure. All Terraform commands
should now work.

If you ever set or change modules or backend configuration for Terraform,
rerun this command to reinitialize your working directory. If you forget, other
commands will detect it and remind you to do so if necessary.[0m
[0m[1mmodule.s3.aws_s3_bucket.this: Refreshing state... [id=recipebot-deploy-dev][0m
[0m[1mmodule.ecr.aws_ecr_repository.this: Refreshing state... [id=recipebot-ecr][0m
[0m[1mmodule.iam.aws_iam_role.lambda_exec: Refreshing state... [id=lambda_execution_role][0m
[0m[1mmodule.s3.aws_s3_bucket_server_side_encryption_configuration.this: Refreshing state... [id=recipebot-deploy-dev][0m
[0m[1mmodule.s3.aws_s3_bucket_versioning.this: Refreshing state... [id=recipebot-deploy-dev][0m
[0m[1mmodule.iam.aws_iam_role_policy_attachment.lambda_ecr_permissions: Refreshing state... [id=lambda_execution_role-20250415204640233900000002][0m
[0m[1mmodule.iam.aws_iam_role_policy_attachment.lambda_basic_execution: Refreshing state... [id=lambda_execution_role-20250415204640013200000001][0m

Terraform used the selected providers to generate the following execution
plan. Resource actions are indicated with the following symbols:
  [32m+[0m create[0m

Terraform will perform the following actions:

[1m  # module.lambda.aws_lambda_function.this[0m will be created
[0m  [32m+[0m[0m resource "aws_lambda_function" "this" {
      [32m+[0m[0m architectures                  = (known after apply)
      [32m+[0m[0m arn                            = (known after apply)
      [32m+[0m[0m code_sha256                    = (known after apply)
      [32m+[0m[0m function_name                  = "recipebot-lambda"
      [32m+[0m[0m id                             = (known after apply)
      [32m+[0m[0m image_uri                      = "123456789012.dkr.ecr.eu-west-2.amazonaws.com/recipebot-lambda:latest"
      [32m+[0m[0m invoke_arn                     = (known after apply)
      [32m+[0m[0m last_modified                  = (known after apply)
      [32m+[0m[0m memory_size                    = 128
      [32m+[0m[0m package_type                   = "Image"
      [32m+[0m[0m publish                        = false
      [32m+[0m[0m qualified_arn                  = (known after apply)
      [32m+[0m[0m qualified_invoke_arn           = (known after apply)
      [32m+[0m[0m reserved_concurrent_executions = -1
      [32m+[0m[0m role                           = "arn:aws:iam::891377271718:role/lambda_execution_role"
      [32m+[0m[0m signing_job_arn                = (known after apply)
      [32m+[0m[0m signing_profile_version_arn    = (known after apply)
      [32m+[0m[0m skip_destroy                   = false
      [32m+[0m[0m source_code_hash               = (known after apply)
      [32m+[0m[0m source_code_size               = (known after apply)
      [32m+[0m[0m tags_all                       = (known after apply)
      [32m+[0m[0m timeout                        = 10
      [32m+[0m[0m version                        = (known after apply)

      [32m+[0m[0m environment {
          [32m+[0m[0m variables = {
              [32m+[0m[0m "OPENAI_API_KEY" = (sensitive value)
            }
        }

      [32m+[0m[0m ephemeral_storage (known after apply)

      [32m+[0m[0m logging_config (known after apply)

      [32m+[0m[0m tracing_config (known after apply)
    }

[1mPlan:[0m 1 to add, 0 to change, 0 to destroy.
[0m[0m[1mmodule.lambda.aws_lambda_function.this: Creating...[0m[0m
[31m╷[0m[0m
[31m│[0m [0m[1m[31mError: [0m[0m[1mcreating Lambda Function (recipebot-lambda): operation error Lambda: CreateFunction, https response error StatusCode: 403, RequestID: 2612a391-024b-432a-8325-dcafd6f79764, api error AccessDeniedException: Lambda does not have permission to access the ECR image. Check the ECR permissions.[0m
[31m│[0m [0m
[31m│[0m [0m[0m  with module.lambda.aws_lambda_function.this,
[31m│[0m [0m  on modules\lambda\main.tf line 1, in resource "aws_lambda_function" "this":
[31m│[0m [0m   1: resource "aws_lambda_function" "this" [4m{[0m[0m
[31m│[0m [0m
[31m╵[0m[0m
